
Microsoft Visual Studio Solution File, Format Version 12.00
# Visual Studio 15
VisualStudioVersion = 15.0.28307.168
MinimumVisualStudioVersion = 10.0.40219.1
Project("{8BC9CEB8-8B4A-11D0-8D11-00A0C91BC942}") = "HelloWindow", "HelloWindow\HelloWindow.vcxproj", "{2019D6F5-E403-4668-97FD-06AD0661D37E}"
	ProjectSection(ProjectDependencies) = postProject
		{CD158789-8A32-48D7-B561-20769754E353} = {CD158789-8A32-48D7-B561-20769754E353}
		{3FFD8B90-6512-4913-A377-D4BF8EF71ECD} = {3FFD8B90-6512-4913-A377-D4BF8EF71ECD}
	EndProjectSection
EndProject
Project("{8BC9CEB8-8B4A-11D0-8D11-00A0C91BC942}") = "glad", "glad\glad.vcxproj", "{3FFD8B90-6512-4913-A377-D4BF8EF71ECD}"
EndProject
Project("{8BC9CEB8-8B4A-11D0-8D11-00A0C91BC942}") = "stb_image", "stb_image\stb_image.vcxproj", "{CD158789-8A32-48D7-B561-20769754E353}"
EndProject
Global
	GlobalSection(SolutionConfigurationPlatforms) = preSolution
		Debug|x64 = Debug|x64
		Debug|x86 = Debug|x86
		Release|x64 = Release|x64
		Release|x86 = Release|x86
	EndGlobalSection
	GlobalSection(ProjectConfigurationPlatforms) = postSolution
		{2019D6F5-E403-4668-97FD-06AD0661D37E}.Debug|x64.ActiveCfg = Debug|x64
		{2019D6F5-E403-4668-97FD-06AD0661D37E}.Debug|x64.Build.0 = Debug|x64
		{2019D6F5-E403-4668-97FD-06AD0661D37E}.Debug|x86.ActiveCfg = Debug|Win32
		{2019D6F5-E403-4668-97FD-06AD0661D37E}.Debug|x86.Build.0 = Debug|Win32
		{2019D6F5-E403-4668-97FD-06AD0661D37E}.Release|x64.ActiveCfg = Release|x64
		{2019D6F5-E403-4668-97FD-06AD0661D37E}.Release|x64.Build.0 = Release|x64
		{2019D6F5-E403-4668-97FD-06AD0661D37E}.Release|x86.ActiveCfg = Release|Win32
		{2019D6F5-E403-4668-97FD-06AD0661D37E}.Release|x86.Build.0 = Release|Win32
		{3FFD8B90-6512-4913-A377-D4BF8EF71ECD}.Debug|x64.ActiveCfg = Debug|x64
		{3FFD8B90-6512-4913-A377-D4BF8EF71ECD}.Debug|x64.Build.0 = Debug|x64
		{3FFD8B90-6512-4913-A377-D4BF8EF71ECD}.Debug|x86.ActiveCfg = Debug|Win32
		{3FFD8B90-6512-4913-A377-D4BF8EF71ECD}.Debug|x86.Build.0 = Debug|Win32
		{3FFD8B90-6512-4913-A377-D4BF8EF71ECD}.Release|x64.ActiveCfg = Release|x64
		{3FFD8B90-6512-4913-A377-D4BF8EF71ECD}.Release|x64.Build.0 = Release|x64
		{3FFD8B90-6512-4913-A377-D4BF8EF71ECD}.Release|x86.ActiveCfg = Release|Win32
		{3FFD8B90-6512-4913-A377-D4BF8EF71ECD}.Release|x86.Build.0 = Release|Win32
		{CD158789-8A32-48D7-B561-20769754E353}.Debug|x64.ActiveCfg = Debug|x64
		{CD158789-8A32-48D7-B561-20769754E353}.Debug|x64.Build.0 = Debug|x64
		{CD158789-8A32-48D7-B561-20769754E353}.Debug|x86.ActiveCfg = Debug|Win32
		{CD158789-8A32-48D7-B561-20769754E353}.Debug|x86.Build.0 = Debug|Win32
		{CD158789-8A32-48D7-B561-20769754E353}.Release|x64.ActiveCfg = Release|x64
		{CD158789-8A32-48D7-B561-20769754E353}.Release|x64.Build.0 = Release|x64
		{CD158789-8A32-48D7-B561-20769754E353}.Release|x86.ActiveCfg = Release|Win32
		{CD158789-8A32-48D7-B561-20769754E353}.Release|x86.Build.0 = Release|Win32
	EndGlobalSection
	GlobalSection(SolutionProperties) = preSolution
		HideSolutionNode = FALSE
	EndGlobalSection
	GlobalSection(ExtensibilityGlobals) = postSolution
		SolutionGuid = {9B5D176B-875D-4EBF-BCF5-F74FA5EADDA8}
	EndGlobalSection
EndGlobal
